
Microsoft Visual Studio Solution File, Format Version 11.00
# Visual Studio 2010
Project("{FAE04EC0-301F-11D3-BF4B-00C04F79EFBC}") = "Lokad.Cqrs.Extensions", "src\Lokad.Cqrs.Extensions\Lokad.Cqrs.Extensions.csproj", "{5E8C25DC-A387-495B-A209-93248810AAD6}"
EndProject
Project("{2150E333-8FDC-42A3-9474-1A3956D46DE8}") = "Samples", "Samples", "{45F6EF03-1095-4991-B729-28F9882F6BB8}"
EndProject
Project("{2150E333-8FDC-42A3-9474-1A3956D46DE8}") = "EventBus", "EventBus", "{0D7CDF68-2AAF-4D72-A8A3-457D0E8142E4}"
	ProjectSection(SolutionItems) = preProject
		src\Samples\EventStore\readme.txt = src\Samples\EventStore\readme.txt
	EndProjectSection
EndProject
Project("{FAE04EC0-301F-11D3-BF4B-00C04F79EFBC}") = "Client", "src\Samples\EventStore\Client\Client.csproj", "{59A25E94-EB11-4291-B387-409F382C6ED7}"
EndProject
Project("{FAE04EC0-301F-11D3-BF4B-00C04F79EFBC}") = "Commands", "src\Samples\EventStore\Commands\Commands.csproj", "{48C13124-407F-4CE5-BDDD-6ED69FAE0D5C}"
EndProject
Project("{FAE04EC0-301F-11D3-BF4B-00C04F79EFBC}") = "Domain", "src\Samples\EventStore\Domain\Domain.csproj", "{022E0DB7-0EEF-44A1-A3F0-17969ED19046}"
EndProject
Project("{FAE04EC0-301F-11D3-BF4B-00C04F79EFBC}") = "Views", "src\Samples\EventStore\Views\Views.csproj", "{AA73526F-A1AB-414F-9F5C-5FF723A65FBF}"
EndProject
Project("{CC5FD16D-436D-48AD-A40C-5A424C6E3E79}") = "Azure", "src\Samples\EventStore\Azure\Azure.ccproj", "{7DCAB223-ED2C-4641-AD01-5813660EFEAC}"
EndProject
Project("{FAE04EC0-301F-11D3-BF4B-00C04F79EFBC}") = "Worker", "src\Samples\EventStore\Worker\Worker.csproj", "{A48676A3-005C-4F02-8AEB-A8D79E8C3F76}"
EndProject
Project("{FAE04EC0-301F-11D3-BF4B-00C04F79EFBC}") = "Context", "src\Samples\EventStore\Context\Context.csproj", "{D3CFDCD6-EE15-4746-84BA-690D8FEE7BF5}"
EndProject
Global
	GlobalSection(SolutionConfigurationPlatforms) = preSolution
		Debug|Any CPU = Debug|Any CPU
		Debug|Mixed Platforms = Debug|Mixed Platforms
		Debug|x86 = Debug|x86
		Release|Any CPU = Release|Any CPU
		Release|Mixed Platforms = Release|Mixed Platforms
		Release|x86 = Release|x86
	EndGlobalSection
	GlobalSection(ProjectConfigurationPlatforms) = postSolution
		{5E8C25DC-A387-495B-A209-93248810AAD6}.Debug|Any CPU.ActiveCfg = Debug|Any CPU
		{5E8C25DC-A387-495B-A209-93248810AAD6}.Debug|Any CPU.Build.0 = Debug|Any CPU
		{5E8C25DC-A387-495B-A209-93248810AAD6}.Debug|Mixed Platforms.ActiveCfg = Debug|Any CPU
		{5E8C25DC-A387-495B-A209-93248810AAD6}.Debug|Mixed Platforms.Build.0 = Debug|Any CPU
		{5E8C25DC-A387-495B-A209-93248810AAD6}.Debug|x86.ActiveCfg = Debug|Any CPU
		{5E8C25DC-A387-495B-A209-93248810AAD6}.Release|Any CPU.ActiveCfg = Release|Any CPU
		{5E8C25DC-A387-495B-A209-93248810AAD6}.Release|Any CPU.Build.0 = Release|Any CPU
		{5E8C25DC-A387-495B-A209-93248810AAD6}.Release|Mixed Platforms.ActiveCfg = Release|Any CPU
		{5E8C25DC-A387-495B-A209-93248810AAD6}.Release|Mixed Platforms.Build.0 = Release|Any CPU
		{5E8C25DC-A387-495B-A209-93248810AAD6}.Release|x86.ActiveCfg = Release|Any CPU
		{59A25E94-EB11-4291-B387-409F382C6ED7}.Debug|Any CPU.ActiveCfg = Debug|x86
		{59A25E94-EB11-4291-B387-409F382C6ED7}.Debug|Mixed Platforms.ActiveCfg = Debug|x86
		{59A25E94-EB11-4291-B387-409F382C6ED7}.Debug|Mixed Platforms.Build.0 = Debug|x86
		{59A25E94-EB11-4291-B387-409F382C6ED7}.Debug|x86.ActiveCfg = Debug|x86
		{59A25E94-EB11-4291-B387-409F382C6ED7}.Debug|x86.Build.0 = Debug|x86
		{59A25E94-EB11-4291-B387-409F382C6ED7}.Release|Any CPU.ActiveCfg = Release|x86
		{59A25E94-EB11-4291-B387-409F382C6ED7}.Release|Mixed Platforms.ActiveCfg = Release|x86
		{59A25E94-EB11-4291-B387-409F382C6ED7}.Release|Mixed Platforms.Build.0 = Release|x86
		{59A25E94-EB11-4291-B387-409F382C6ED7}.Release|x86.ActiveCfg = Release|x86
		{59A25E94-EB11-4291-B387-409F382C6ED7}.Release|x86.Build.0 = Release|x86
		{48C13124-407F-4CE5-BDDD-6ED69FAE0D5C}.Debug|Any CPU.ActiveCfg = Debug|Any CPU
		{48C13124-407F-4CE5-BDDD-6ED69FAE0D5C}.Debug|Any CPU.Build.0 = Debug|Any CPU
		{48C13124-407F-4CE5-BDDD-6ED69FAE0D5C}.Debug|Mixed Platforms.ActiveCfg = Debug|Any CPU
		{48C13124-407F-4CE5-BDDD-6ED69FAE0D5C}.Debug|Mixed Platforms.Build.0 = Debug|Any CPU
		{48C13124-407F-4CE5-BDDD-6ED69FAE0D5C}.Debug|x86.ActiveCfg = Debug|Any CPU
		{48C13124-407F-4CE5-BDDD-6ED69FAE0D5C}.Release|Any CPU.ActiveCfg = Release|Any CPU
		{48C13124-407F-4CE5-BDDD-6ED69FAE0D5C}.Release|Any CPU.Build.0 = Release|Any CPU
		{48C13124-407F-4CE5-BDDD-6ED69FAE0D5C}.Release|Mixed Platforms.ActiveCfg = Release|Any CPU
		{48C13124-407F-4CE5-BDDD-6ED69FAE0D5C}.Release|Mixed Platforms.Build.0 = Release|Any CPU
		{48C13124-407F-4CE5-BDDD-6ED69FAE0D5C}.Release|x86.ActiveCfg = Release|Any CPU
		{022E0DB7-0EEF-44A1-A3F0-17969ED19046}.Debug|Any CPU.ActiveCfg = Debug|Any CPU
		{022E0DB7-0EEF-44A1-A3F0-17969ED19046}.Debug|Any CPU.Build.0 = Debug|Any CPU
		{022E0DB7-0EEF-44A1-A3F0-17969ED19046}.Debug|Mixed Platforms.ActiveCfg = Debug|Any CPU
		{022E0DB7-0EEF-44A1-A3F0-17969ED19046}.Debug|Mixed Platforms.Build.0 = Debug|Any CPU
		{022E0DB7-0EEF-44A1-A3F0-17969ED19046}.Debug|x86.ActiveCfg = Debug|Any CPU
		{022E0DB7-0EEF-44A1-A3F0-17969ED19046}.Release|Any CPU.ActiveCfg = Release|Any CPU
		{022E0DB7-0EEF-44A1-A3F0-17969ED19046}.Release|Any CPU.Build.0 = Release|Any CPU
		{022E0DB7-0EEF-44A1-A3F0-17969ED19046}.Release|Mixed Platforms.ActiveCfg = Release|Any CPU
		{022E0DB7-0EEF-44A1-A3F0-17969ED19046}.Release|Mixed Platforms.Build.0 = Release|Any CPU
		{022E0DB7-0EEF-44A1-A3F0-17969ED19046}.Release|x86.ActiveCfg = Release|Any CPU
		{AA73526F-A1AB-414F-9F5C-5FF723A65FBF}.Debug|Any CPU.ActiveCfg = Debug|Any CPU
		{AA73526F-A1AB-414F-9F5C-5FF723A65FBF}.Debug|Any CPU.Build.0 = Debug|Any CPU
		{AA73526F-A1AB-414F-9F5C-5FF723A65FBF}.Debug|Mixed Platforms.ActiveCfg = Debug|Any CPU
		{AA73526F-A1AB-414F-9F5C-5FF723A65FBF}.Debug|Mixed Platforms.Build.0 = Debug|Any CPU
		{AA73526F-A1AB-414F-9F5C-5FF723A65FBF}.Debug|x86.ActiveCfg = Debug|Any CPU
		{AA73526F-A1AB-414F-9F5C-5FF723A65FBF}.Release|Any CPU.ActiveCfg = Release|Any CPU
		{AA73526F-A1AB-414F-9F5C-5FF723A65FBF}.Release|Any CPU.Build.0 = Release|Any CPU
		{AA73526F-A1AB-414F-9F5C-5FF723A65FBF}.Release|Mixed Platforms.ActiveCfg = Release|Any CPU
		{AA73526F-A1AB-414F-9F5C-5FF723A65FBF}.Release|Mixed Platforms.Build.0 = Release|Any CPU
		{AA73526F-A1AB-414F-9F5C-5FF723A65FBF}.Release|x86.ActiveCfg = Release|Any CPU
		{7DCAB223-ED2C-4641-AD01-5813660EFEAC}.Debug|Any CPU.ActiveCfg = Debug|Any CPU
		{7DCAB223-ED2C-4641-AD01-5813660EFEAC}.Debug|Any CPU.Build.0 = Debug|Any CPU
		{7DCAB223-ED2C-4641-AD01-5813660EFEAC}.Debug|Mixed Platforms.ActiveCfg = Debug|Any CPU
		{7DCAB223-ED2C-4641-AD01-5813660EFEAC}.Debug|Mixed Platforms.Build.0 = Debug|Any CPU
		{7DCAB223-ED2C-4641-AD01-5813660EFEAC}.Debug|x86.ActiveCfg = Debug|Any CPU
		{7DCAB223-ED2C-4641-AD01-5813660EFEAC}.Release|Any CPU.ActiveCfg = Release|Any CPU
		{7DCAB223-ED2C-4641-AD01-5813660EFEAC}.Release|Any CPU.Build.0 = Release|Any CPU
		{7DCAB223-ED2C-4641-AD01-5813660EFEAC}.Release|Mixed Platforms.ActiveCfg = Release|Any CPU
		{7DCAB223-ED2C-4641-AD01-5813660EFEAC}.Release|Mixed Platforms.Build.0 = Release|Any CPU
		{7DCAB223-ED2C-4641-AD01-5813660EFEAC}.Release|x86.ActiveCfg = Release|Any CPU
		{A48676A3-005C-4F02-8AEB-A8D79E8C3F76}.Debug|Any CPU.ActiveCfg = Debug|Any CPU
		{A48676A3-005C-4F02-8AEB-A8D79E8C3F76}.Debug|Any CPU.Build.0 = Debug|Any CPU
		{A48676A3-005C-4F02-8AEB-A8D79E8C3F76}.Debug|Mixed Platforms.ActiveCfg = Debug|Any CPU
		{A48676A3-005C-4F02-8AEB-A8D79E8C3F76}.Debug|Mixed Platforms.Build.0 = Debug|Any CPU
		{A48676A3-005C-4F02-8AEB-A8D79E8C3F76}.Debug|x86.ActiveCfg = Debug|Any CPU
		{A48676A3-005C-4F02-8AEB-A8D79E8C3F76}.Release|Any CPU.ActiveCfg = Release|Any CPU
		{A48676A3-005C-4F02-8AEB-A8D79E8C3F76}.Release|Any CPU.Build.0 = Release|Any CPU
		{A48676A3-005C-4F02-8AEB-A8D79E8C3F76}.Release|Mixed Platforms.ActiveCfg = Release|Any CPU
		{A48676A3-005C-4F02-8AEB-A8D79E8C3F76}.Release|Mixed Platforms.Build.0 = Release|Any CPU
		{A48676A3-005C-4F02-8AEB-A8D79E8C3F76}.Release|x86.ActiveCfg = Release|Any CPU
		{D3CFDCD6-EE15-4746-84BA-690D8FEE7BF5}.Debug|Any CPU.ActiveCfg = Debug|Any CPU
		{D3CFDCD6-EE15-4746-84BA-690D8FEE7BF5}.Debug|Any CPU.Build.0 = Debug|Any CPU
		{D3CFDCD6-EE15-4746-84BA-690D8FEE7BF5}.Debug|Mixed Platforms.ActiveCfg = Debug|Any CPU
		{D3CFDCD6-EE15-4746-84BA-690D8FEE7BF5}.Debug|Mixed Platforms.Build.0 = Debug|Any CPU
		{D3CFDCD6-EE15-4746-84BA-690D8FEE7BF5}.Debug|x86.ActiveCfg = Debug|Any CPU
		{D3CFDCD6-EE15-4746-84BA-690D8FEE7BF5}.Release|Any CPU.ActiveCfg = Release|Any CPU
		{D3CFDCD6-EE15-4746-84BA-690D8FEE7BF5}.Release|Any CPU.Build.0 = Release|Any CPU
		{D3CFDCD6-EE15-4746-84BA-690D8FEE7BF5}.Release|Mixed Platforms.ActiveCfg = Release|Any CPU
		{D3CFDCD6-EE15-4746-84BA-690D8FEE7BF5}.Release|Mixed Platforms.Build.0 = Release|Any CPU
		{D3CFDCD6-EE15-4746-84BA-690D8FEE7BF5}.Release|x86.ActiveCfg = Release|Any CPU
	EndGlobalSection
	GlobalSection(SolutionProperties) = preSolution
		HideSolutionNode = FALSE
	EndGlobalSection
	GlobalSection(NestedProjects) = preSolution
		{0D7CDF68-2AAF-4D72-A8A3-457D0E8142E4} = {45F6EF03-1095-4991-B729-28F9882F6BB8}
		{59A25E94-EB11-4291-B387-409F382C6ED7} = {0D7CDF68-2AAF-4D72-A8A3-457D0E8142E4}
		{48C13124-407F-4CE5-BDDD-6ED69FAE0D5C} = {0D7CDF68-2AAF-4D72-A8A3-457D0E8142E4}
		{022E0DB7-0EEF-44A1-A3F0-17969ED19046} = {0D7CDF68-2AAF-4D72-A8A3-457D0E8142E4}
		{AA73526F-A1AB-414F-9F5C-5FF723A65FBF} = {0D7CDF68-2AAF-4D72-A8A3-457D0E8142E4}
		{7DCAB223-ED2C-4641-AD01-5813660EFEAC} = {0D7CDF68-2AAF-4D72-A8A3-457D0E8142E4}
		{A48676A3-005C-4F02-8AEB-A8D79E8C3F76} = {0D7CDF68-2AAF-4D72-A8A3-457D0E8142E4}
		{D3CFDCD6-EE15-4746-84BA-690D8FEE7BF5} = {0D7CDF68-2AAF-4D72-A8A3-457D0E8142E4}
	EndGlobalSection
EndGlobal
