
Microsoft Visual Studio Solution File, Format Version 11.00
# Visual Studio 2010
Project("{FAE04EC0-301F-11D3-BF4B-00C04F79EFBC}") = "Commands", "Samples\Permissions\Commands\Commands.csproj", "{48C13124-407F-4CE5-BDDD-6ED69FAE0D5C}"
EndProject
Project("{FAE04EC0-301F-11D3-BF4B-00C04F79EFBC}") = "Domain", "Samples\Permissions\Domain\Domain.csproj", "{022E0DB7-0EEF-44A1-A3F0-17969ED19046}"
EndProject
Project("{FAE04EC0-301F-11D3-BF4B-00C04F79EFBC}") = "Views", "Samples\Permissions\Views\Views.csproj", "{AA73526F-A1AB-414F-9F5C-5FF723A65FBF}"
EndProject
Project("{FAE04EC0-301F-11D3-BF4B-00C04F79EFBC}") = "Context", "Samples\Context\Context.csproj", "{D3CFDCD6-EE15-4746-84BA-690D8FEE7BF5}"
EndProject
Project("{2150E333-8FDC-42A3-9474-1A3956D46DE8}") = "InMemoryExample", "InMemoryExample", "{148701FB-DA76-4B94-8030-202908710FE9}"
EndProject
Project("{FAE04EC0-301F-11D3-BF4B-00C04F79EFBC}") = "InMemoryClient", "Samples\Permissions\InMemoryClient\InMemoryClient.csproj", "{3281C6EB-4B79-481C-BE3E-DE7954966F3E}"
EndProject
Project("{FAE04EC0-301F-11D3-BF4B-00C04F79EFBC}") = "Shared", "Samples\Shared\Shared.csproj", "{E5F46219-9040-4D98-AF9A-DAC713C0694B}"
EndProject
Project("{2150E333-8FDC-42A3-9474-1A3956D46DE8}") = "!doc", "!doc", "{D697A0B8-0AEE-4B1F-B224-C222E0185C8C}"
	ProjectSection(SolutionItems) = preProject
		Samples\Permissions\readme.txt = Samples\Permissions\readme.txt
	EndProjectSection
EndProject
Project("{FAE04EC0-301F-11D3-BF4B-00C04F79EFBC}") = "Security", "Samples\Permissions\Security\Security.csproj", "{433A0D6C-CB92-4596-9B21-060A7A0AF715}"
EndProject
Global
	GlobalSection(SolutionConfigurationPlatforms) = preSolution
		Debug|Any CPU = Debug|Any CPU
		Debug|Mixed Platforms = Debug|Mixed Platforms
		Debug|x86 = Debug|x86
		Release|Any CPU = Release|Any CPU
		Release|Mixed Platforms = Release|Mixed Platforms
		Release|x86 = Release|x86
	EndGlobalSection
	GlobalSection(ProjectConfigurationPlatforms) = postSolution
		{48C13124-407F-4CE5-BDDD-6ED69FAE0D5C}.Debug|Any CPU.ActiveCfg = Debug|Any CPU
		{48C13124-407F-4CE5-BDDD-6ED69FAE0D5C}.Debug|Any CPU.Build.0 = Debug|Any CPU
		{48C13124-407F-4CE5-BDDD-6ED69FAE0D5C}.Debug|Mixed Platforms.ActiveCfg = Debug|Any CPU
		{48C13124-407F-4CE5-BDDD-6ED69FAE0D5C}.Debug|Mixed Platforms.Build.0 = Debug|Any CPU
		{48C13124-407F-4CE5-BDDD-6ED69FAE0D5C}.Debug|x86.ActiveCfg = Debug|Any CPU
		{48C13124-407F-4CE5-BDDD-6ED69FAE0D5C}.Release|Any CPU.ActiveCfg = Release|Any CPU
		{48C13124-407F-4CE5-BDDD-6ED69FAE0D5C}.Release|Any CPU.Build.0 = Release|Any CPU
		{48C13124-407F-4CE5-BDDD-6ED69FAE0D5C}.Release|Mixed Platforms.ActiveCfg = Release|Any CPU
		{48C13124-407F-4CE5-BDDD-6ED69FAE0D5C}.Release|Mixed Platforms.Build.0 = Release|Any CPU
		{48C13124-407F-4CE5-BDDD-6ED69FAE0D5C}.Release|x86.ActiveCfg = Release|Any CPU
		{022E0DB7-0EEF-44A1-A3F0-17969ED19046}.Debug|Any CPU.ActiveCfg = Debug|Any CPU
		{022E0DB7-0EEF-44A1-A3F0-17969ED19046}.Debug|Any CPU.Build.0 = Debug|Any CPU
		{022E0DB7-0EEF-44A1-A3F0-17969ED19046}.Debug|Mixed Platforms.ActiveCfg = Debug|Any CPU
		{022E0DB7-0EEF-44A1-A3F0-17969ED19046}.Debug|Mixed Platforms.Build.0 = Debug|Any CPU
		{022E0DB7-0EEF-44A1-A3F0-17969ED19046}.Debug|x86.ActiveCfg = Debug|Any CPU
		{022E0DB7-0EEF-44A1-A3F0-17969ED19046}.Release|Any CPU.ActiveCfg = Release|Any CPU
		{022E0DB7-0EEF-44A1-A3F0-17969ED19046}.Release|Any CPU.Build.0 = Release|Any CPU
		{022E0DB7-0EEF-44A1-A3F0-17969ED19046}.Release|Mixed Platforms.ActiveCfg = Release|Any CPU
		{022E0DB7-0EEF-44A1-A3F0-17969ED19046}.Release|Mixed Platforms.Build.0 = Release|Any CPU
		{022E0DB7-0EEF-44A1-A3F0-17969ED19046}.Release|x86.ActiveCfg = Release|Any CPU
		{AA73526F-A1AB-414F-9F5C-5FF723A65FBF}.Debug|Any CPU.ActiveCfg = Debug|Any CPU
		{AA73526F-A1AB-414F-9F5C-5FF723A65FBF}.Debug|Any CPU.Build.0 = Debug|Any CPU
		{AA73526F-A1AB-414F-9F5C-5FF723A65FBF}.Debug|Mixed Platforms.ActiveCfg = Debug|Any CPU
		{AA73526F-A1AB-414F-9F5C-5FF723A65FBF}.Debug|Mixed Platforms.Build.0 = Debug|Any CPU
		{AA73526F-A1AB-414F-9F5C-5FF723A65FBF}.Debug|x86.ActiveCfg = Debug|Any CPU
		{AA73526F-A1AB-414F-9F5C-5FF723A65FBF}.Release|Any CPU.ActiveCfg = Release|Any CPU
		{AA73526F-A1AB-414F-9F5C-5FF723A65FBF}.Release|Any CPU.Build.0 = Release|Any CPU
		{AA73526F-A1AB-414F-9F5C-5FF723A65FBF}.Release|Mixed Platforms.ActiveCfg = Release|Any CPU
		{AA73526F-A1AB-414F-9F5C-5FF723A65FBF}.Release|Mixed Platforms.Build.0 = Release|Any CPU
		{AA73526F-A1AB-414F-9F5C-5FF723A65FBF}.Release|x86.ActiveCfg = Release|Any CPU
		{D3CFDCD6-EE15-4746-84BA-690D8FEE7BF5}.Debug|Any CPU.ActiveCfg = Debug|Any CPU
		{D3CFDCD6-EE15-4746-84BA-690D8FEE7BF5}.Debug|Any CPU.Build.0 = Debug|Any CPU
		{D3CFDCD6-EE15-4746-84BA-690D8FEE7BF5}.Debug|Mixed Platforms.ActiveCfg = Debug|Any CPU
		{D3CFDCD6-EE15-4746-84BA-690D8FEE7BF5}.Debug|Mixed Platforms.Build.0 = Debug|Any CPU
		{D3CFDCD6-EE15-4746-84BA-690D8FEE7BF5}.Debug|x86.ActiveCfg = Debug|Any CPU
		{D3CFDCD6-EE15-4746-84BA-690D8FEE7BF5}.Release|Any CPU.ActiveCfg = Release|Any CPU
		{D3CFDCD6-EE15-4746-84BA-690D8FEE7BF5}.Release|Any CPU.Build.0 = Release|Any CPU
		{D3CFDCD6-EE15-4746-84BA-690D8FEE7BF5}.Release|Mixed Platforms.ActiveCfg = Release|Any CPU
		{D3CFDCD6-EE15-4746-84BA-690D8FEE7BF5}.Release|Mixed Platforms.Build.0 = Release|Any CPU
		{D3CFDCD6-EE15-4746-84BA-690D8FEE7BF5}.Release|x86.ActiveCfg = Release|Any CPU
		{3281C6EB-4B79-481C-BE3E-DE7954966F3E}.Debug|Any CPU.ActiveCfg = Debug|x86
		{3281C6EB-4B79-481C-BE3E-DE7954966F3E}.Debug|Mixed Platforms.ActiveCfg = Debug|x86
		{3281C6EB-4B79-481C-BE3E-DE7954966F3E}.Debug|Mixed Platforms.Build.0 = Debug|x86
		{3281C6EB-4B79-481C-BE3E-DE7954966F3E}.Debug|x86.ActiveCfg = Debug|x86
		{3281C6EB-4B79-481C-BE3E-DE7954966F3E}.Debug|x86.Build.0 = Debug|x86
		{3281C6EB-4B79-481C-BE3E-DE7954966F3E}.Release|Any CPU.ActiveCfg = Release|x86
		{3281C6EB-4B79-481C-BE3E-DE7954966F3E}.Release|Mixed Platforms.ActiveCfg = Release|x86
		{3281C6EB-4B79-481C-BE3E-DE7954966F3E}.Release|Mixed Platforms.Build.0 = Release|x86
		{3281C6EB-4B79-481C-BE3E-DE7954966F3E}.Release|x86.ActiveCfg = Release|x86
		{3281C6EB-4B79-481C-BE3E-DE7954966F3E}.Release|x86.Build.0 = Release|x86
		{E5F46219-9040-4D98-AF9A-DAC713C0694B}.Debug|Any CPU.ActiveCfg = Debug|Any CPU
		{E5F46219-9040-4D98-AF9A-DAC713C0694B}.Debug|Any CPU.Build.0 = Debug|Any CPU
		{E5F46219-9040-4D98-AF9A-DAC713C0694B}.Debug|Mixed Platforms.ActiveCfg = Debug|Any CPU
		{E5F46219-9040-4D98-AF9A-DAC713C0694B}.Debug|Mixed Platforms.Build.0 = Debug|Any CPU
		{E5F46219-9040-4D98-AF9A-DAC713C0694B}.Debug|x86.ActiveCfg = Debug|Any CPU
		{E5F46219-9040-4D98-AF9A-DAC713C0694B}.Release|Any CPU.ActiveCfg = Release|Any CPU
		{E5F46219-9040-4D98-AF9A-DAC713C0694B}.Release|Any CPU.Build.0 = Release|Any CPU
		{E5F46219-9040-4D98-AF9A-DAC713C0694B}.Release|Mixed Platforms.ActiveCfg = Release|Any CPU
		{E5F46219-9040-4D98-AF9A-DAC713C0694B}.Release|Mixed Platforms.Build.0 = Release|Any CPU
		{E5F46219-9040-4D98-AF9A-DAC713C0694B}.Release|x86.ActiveCfg = Release|Any CPU
		{433A0D6C-CB92-4596-9B21-060A7A0AF715}.Debug|Any CPU.ActiveCfg = Debug|Any CPU
		{433A0D6C-CB92-4596-9B21-060A7A0AF715}.Debug|Any CPU.Build.0 = Debug|Any CPU
		{433A0D6C-CB92-4596-9B21-060A7A0AF715}.Debug|Mixed Platforms.ActiveCfg = Debug|Any CPU
		{433A0D6C-CB92-4596-9B21-060A7A0AF715}.Debug|Mixed Platforms.Build.0 = Debug|Any CPU
		{433A0D6C-CB92-4596-9B21-060A7A0AF715}.Debug|x86.ActiveCfg = Debug|Any CPU
		{433A0D6C-CB92-4596-9B21-060A7A0AF715}.Release|Any CPU.ActiveCfg = Release|Any CPU
		{433A0D6C-CB92-4596-9B21-060A7A0AF715}.Release|Any CPU.Build.0 = Release|Any CPU
		{433A0D6C-CB92-4596-9B21-060A7A0AF715}.Release|Mixed Platforms.ActiveCfg = Release|Any CPU
		{433A0D6C-CB92-4596-9B21-060A7A0AF715}.Release|Mixed Platforms.Build.0 = Release|Any CPU
		{433A0D6C-CB92-4596-9B21-060A7A0AF715}.Release|x86.ActiveCfg = Release|Any CPU
	EndGlobalSection
	GlobalSection(SolutionProperties) = preSolution
		HideSolutionNode = FALSE
	EndGlobalSection
	GlobalSection(NestedProjects) = preSolution
		{3281C6EB-4B79-481C-BE3E-DE7954966F3E} = {148701FB-DA76-4B94-8030-202908710FE9}
	EndGlobalSection
EndGlobal
